// !$*UTF8*$!
{
	archiveVersion = 1;
	classes = {
	};
	objectVersion = 50;
	objects = {

/* Begin PBXBuildFile section */
		006A4FCD254D9C55005A852A /* AppDelegate.swift in Sources */ = {isa = PBXBuildFile; fileRef = 006A4FCC254D9C55005A852A /* AppDelegate.swift */; };
		006A4FCF254D9C55005A852A /* SceneDelegate.swift in Sources */ = {isa = PBXBuildFile; fileRef = 006A4FCE254D9C55005A852A /* SceneDelegate.swift */; };
		006A4FD1254D9C55005A852A /* ViewController.swift in Sources */ = {isa = PBXBuildFile; fileRef = 006A4FD0254D9C55005A852A /* ViewController.swift */; };
		006A4FD4254D9C55005A852A /* Main.storyboard in Resources */ = {isa = PBXBuildFile; fileRef = 006A4FD2254D9C55005A852A /* Main.storyboard */; };
		006A4FD6254D9C56005A852A /* Assets.xcassets in Resources */ = {isa = PBXBuildFile; fileRef = 006A4FD5254D9C56005A852A /* Assets.xcassets */; };
		006A4FD9254D9C56005A852A /* LaunchScreen.storyboard in Resources */ = {isa = PBXBuildFile; fileRef = 006A4FD7254D9C56005A852A /* LaunchScreen.storyboard */; };
/* End PBXBuildFile section */

/* Begin PBXFileReference section */
		006A4FC9254D9C55005A852A /* knitt_increase_decrease.app */ = {isa = PBXFileReference; explicitFileType = wrapper.application; includeInIndex = 0; path = knitt_increase_decrease.app; sourceTree = BUILT_PRODUCTS_DIR; };
		006A4FCC254D9C55005A852A /* AppDelegate.swift */ = {isa = PBXFileReference; lastKnownFileType = sourcecode.swift; path = AppDelegate.swift; sourceTree = "<group>"; };
		006A4FCE254D9C55005A852A /* SceneDelegate.swift */ = {isa = PBXFileReference; lastKnownFileType = sourcecode.swift; path = SceneDelegate.swift; sourceTree = "<group>"; };
		006A4FD0254D9C55005A852A /* ViewController.swift */ = {isa = PBXFileReference; lastKnownFileType = sourcecode.swift; path = ViewController.swift; sourceTree = "<group>"; };
		006A4FD3254D9C55005A852A /* Base */ = {isa = PBXFileReference; lastKnownFileType = file.storyboard; name = Base; path = Base.lproj/Main.storyboard; sourceTree = "<group>"; };
		006A4FD5254D9C56005A852A /* Assets.xcassets */ = {isa = PBXFileReference; lastKnownFileType = folder.assetcatalog; path = Assets.xcassets; sourceTree = "<group>"; };
		006A4FD8254D9C56005A852A /* Base */ = {isa = PBXFileReference; lastKnownFileType = file.storyboard; name = Base; path = Base.lproj/LaunchScreen.storyboard; sourceTree = "<group>"; };
		006A4FDA254D9C56005A852A /* Info.plist */ = {isa = PBXFileReference; lastKnownFileType = text.plist.xml; path = Info.plist; sourceTree = "<group>"; };
/* End PBXFileReference section */

/* Begin PBXFrameworksBuildPhase section */
		006A4FC6254D9C55005A852A /* Frameworks */ = {
			isa = PBXFrameworksBuildPhase;
			buildActionMask = 2147483647;
			files = (
			);
			runOnlyForDeploymentPostprocessing = 0;
		};
/* End PBXFrameworksBuildPhase section */

/* Begin PBXGroup section */
		006A4FC0254D9C55005A852A = {
			isa = PBXGroup;
			children = (
				006A4FCB254D9C55005A852A /* knitt_increase_decrease */,
				006A4FCA254D9C55005A852A /* Products */,
			);
			sourceTree = "<group>";
		};
		006A4FCA254D9C55005A852A /* Products */ = {
			isa = PBXGroup;
			children = (
				006A4FC9254D9C55005A852A /* knitt_increase_decrease.app */,
			);
			name = Products;
			sourceTree = "<group>";
		};
		006A4FCB254D9C55005A852A /* knitt_increase_decrease */ = {
			isa = PBXGroup;
			children = (
				006A4FCC254D9C55005A852A /* AppDelegate.swift */,
				006A4FCE254D9C55005A852A /* SceneDelegate.swift */,
				006A4FD0254D9C55005A852A /* ViewController.swift */,
				006A4FD2254D9C55005A852A /* Main.storyboard */,
				006A4FD5254D9C56005A852A /* Assets.xcassets */,
				006A4FD7254D9C56005A852A /* LaunchScreen.storyboard */,
				006A4FDA254D9C56005A852A /* Info.plist */,
			);
			path = knitt_increase_decrease;
			sourceTree = "<group>";
		};
/* End PBXGroup section */

/* Begin PBXNativeTarget section */
		006A4FC8254D9C55005A852A /* knitt_increase_decrease */ = {
			isa = PBXNativeTarget;
			buildConfigurationList = 006A4FDD254D9C56005A852A /* Build configuration list for PBXNativeTarget "knitt_increase_decrease" */;
			buildPhases = (
				006A4FC5254D9C55005A852A /* Sources */,
				006A4FC6254D9C55005A852A /* Frameworks */,
				006A4FC7254D9C55005A852A /* Resources */,
			);
			buildRules = (
			);
			dependencies = (
			);
			name = knitt_increase_decrease;
			productName = knitt_increase_decrease;
			productReference = 006A4FC9254D9C55005A852A /* knitt_increase_decrease.app */;
			productType = "com.apple.product-type.application";
		};
/* End PBXNativeTarget section */

/* Begin PBXProject section */
		006A4FC1254D9C55005A852A /* Project object */ = {
			isa = PBXProject;
			attributes = {
				LastSwiftUpdateCheck = 1130;
				LastUpgradeCheck = 1130;
				ORGANIZATIONNAME = "Helén Persson";
				TargetAttributes = {
					006A4FC8254D9C55005A852A = {
						CreatedOnToolsVersion = 11.3.1;
					};
				};
			};
			buildConfigurationList = 006A4FC4254D9C55005A852A /* Build configuration list for PBXProject "knitt_increase_decrease" */;
			compatibilityVersion = "Xcode 9.3";
			developmentRegion = en;
			hasScannedForEncodings = 0;
			knownRegions = (
				en,
				Base,
			);
			mainGroup = 006A4FC0254D9C55005A852A;
			productRefGroup = 006A4FCA254D9C55005A852A /* Products */;
			projectDirPath = "";
			projectRoot = "";
			targets = (
				006A4FC8254D9C55005A852A /* knitt_increase_decrease */,
			);
		};
/* End PBXProject section */

/* Begin PBXResourcesBuildPhase section */
		006A4FC7254D9C55005A852A /* Resources */ = {
			isa = PBXResourcesBuildPhase;
			buildActionMask = 2147483647;
			files = (
				006A4FD9254D9C56005A852A /* LaunchScreen.storyboard in Resources */,
				006A4FD6254D9C56005A852A /* Assets.xcassets in Resources */,
				006A4FD4254D9C55005A852A /* Main.storyboard in Resources */,
			);
			runOnlyForDeploymentPostprocessing = 0;
		};
/* End PBXResourcesBuildPhase section */

/* Begin PBXSourcesBuildPhase section */
		006A4FC5254D9C55005A852A /* Sources */ = {
			isa = PBXSourcesBuildPhase;
			buildActionMask = 2147483647;
			files = (
				006A4FD1254D9C55005A852A /* ViewController.swift in Sources */,
				006A4FCD254D9C55005A852A /* AppDelegate.swift in Sources */,
				006A4FCF254D9C55005A852A /* SceneDelegate.swift in Sources */,
			);
			runOnlyForDeploymentPostprocessing = 0;
		};
/* End PBXSourcesBuildPhase section */

/* Begin PBXVariantGroup section */
		006A4FD2254D9C55005A852A /* Main.storyboard */ = {
			isa = PBXVariantGroup;
			children = (
				006A4FD3254D9C55005A852A /* Base */,
			);
			name = Main.storyboard;
			sourceTree = "<group>";
		};
		006A4FD7254D9C56005A852A /* LaunchScreen.storyboard */ = {
			isa = PBXVariantGroup;
			children = (
				006A4FD8254D9C56005A852A /* Base */,
			);
			name = LaunchScreen.storyboard;
			sourceTree = "<group>";
		};
/* End PBXVariantGroup section */

/* Begin XCBuildConfiguration section */
		006A4FDB254D9C56005A852A /* Debug */ = {
			isa = XCBuildConfiguration;
			buildSettings = {
				ALWAYS_SEARCH_USER_PATHS = NO;
				CLANG_ANALYZER_NONNULL = YES;
				CLANG_ANALYZER_NUMBER_OBJECT_CONVERSION = YES_AGGRESSIVE;
				CLANG_CXX_LANGUAGE_STANDARD = "gnu++14";
				CLANG_CXX_LIBRARY = "libc++";
				CLANG_ENABLE_MODULES = YES;
				CLANG_ENABLE_OBJC_ARC = YES;
				CLANG_ENABLE_OBJC_WEAK = YES;
				CLANG_WARN_BLOCK_CAPTURE_AUTORELEASING = YES;
				CLANG_WARN_BOOL_CONVERSION = YES;
				CLANG_WARN_COMMA = YES;
				CLANG_WARN_CONSTANT_CONVERSION = YES;
				CLANG_WARN_DEPRECATED_OBJC_IMPLEMENTATIONS = YES;
				CLANG_WARN_DIRECT_OBJC_ISA_USAGE = YES_ERROR;
				CLANG_WARN_DOCUMENTATION_COMMENTS = YES;
				CLANG_WARN_EMPTY_BODY = YES;
				CLANG_WARN_ENUM_CONVERSION = YES;
				CLANG_WARN_INFINITE_RECURSION = YES;
				CLANG_WARN_INT_CONVERSION = YES;
				CLANG_WARN_NON_LITERAL_NULL_CONVERSION = YES;
				CLANG_WARN_OBJC_IMPLICIT_RETAIN_SELF = YES;
				CLANG_WARN_OBJC_LITERAL_CONVERSION = YES;
				CLANG_WARN_OBJC_ROOT_CLASS = YES_ERROR;
				CLANG_WARN_RANGE_LOOP_ANALYSIS = YES;
				CLANG_WARN_STRICT_PROTOTYPES = YES;
				CLANG_WARN_SUSPICIOUS_MOVE = YES;
				CLANG_WARN_UNGUARDED_AVAILABILITY = YES_AGGRESSIVE;
				CLANG_WARN_UNREACHABLE_CODE = YES;
				CLANG_WARN__DUPLICATE_METHOD_MATCH = YES;
				COPY_PHASE_STRIP = NO;
				DEBUG_INFORMATION_FORMAT = dwarf;
				ENABLE_STRICT_OBJC_MSGSEND = YES;
				ENABLE_TESTABILITY = YES;
				GCC_C_LANGUAGE_STANDARD = gnu11;
				GCC_DYNAMIC_NO_PIC = NO;
				GCC_NO_COMMON_BLOCKS = YES;
				GCC_OPTIMIZATION_LEVEL = 0;
				GCC_PREPROCESSOR_DEFINITIONS = (
					"DEBUG=1",
					"$(inherited)",
				);
				GCC_WARN_64_TO_32_BIT_CONVERSION = YES;
				GCC_WARN_ABOUT_RETURN_TYPE = YES_ERROR;
				GCC_WARN_UNDECLARED_SELECTOR = YES;
				GCC_WARN_UNINITIALIZED_AUTOS = YES_AGGRESSIVE;
				GCC_WARN_UNUSED_FUNCTION = YES;
				GCC_WARN_UNUSED_VARIABLE = YES;
				IPHONEOS_DEPLOYMENT_TARGET = 13.2;
				MTL_ENABLE_DEBUG_INFO = INCLUDE_SOURCE;
				MTL_FAST_MATH = YES;
				ONLY_ACTIVE_ARCH = YES;
				SDKROOT = iphoneos;
				SWIFT_ACTIVE_COMPILATION_CONDITIONS = DEBUG;
				SWIFT_OPTIMIZATION_LEVEL = "-Onone";
			};
			name = Debug;
		};
		006A4FDC254D9C56005A852A /* Release */ = {
			isa = XCBuildConfiguration;
			buildSettings = {
				ALWAYS_SEARCH_USER_PATHS = NO;
				CLANG_ANALYZER_NONNULL = YES;
				CLANG_ANALYZER_NUMBER_OBJECT_CONVERSION = YES_AGGRESSIVE;
				CLANG_CXX_LANGUAGE_STANDARD = "gnu++14";
				CLANG_CXX_LIBRARY = "libc++";
				CLANG_ENABLE_MODULES = YES;
				CLANG_ENABLE_OBJC_ARC = YES;
				CLANG_ENABLE_OBJC_WEAK = YES;
				CLANG_WARN_BLOCK_CAPTURE_AUTORELEASING = YES;
				CLANG_WARN_BOOL_CONVERSION = YES;
				CLANG_WARN_COMMA = YES;
				CLANG_WARN_CONSTANT_CONVERSION = YES;
				CLANG_WARN_DEPRECATED_OBJC_IMPLEMENTATIONS = YES;
				CLANG_WARN_DIRECT_OBJC_ISA_USAGE = YES_ERROR;
				CLANG_WARN_DOCUMENTATION_COMMENTS = YES;
				CLANG_WARN_EMPTY_BODY = YES;
				CLANG_WARN_ENUM_CONVERSION = YES;
				CLANG_WARN_INFINITE_RECURSION = YES;
				CLANG_WARN_INT_CONVERSION = YES;
				CLANG_WARN_NON_LITERAL_NULL_CONVERSION = YES;
				CLANG_WARN_OBJC_IMPLICIT_RETAIN_SELF = YES;
				CLANG_WARN_OBJC_LITERAL_CONVERSION = YES;
				CLANG_WARN_OBJC_ROOT_CLASS = YES_ERROR;
				CLANG_WARN_RANGE_LOOP_ANALYSIS = YES;
				CLANG_WARN_STRICT_PROTOTYPES = YES;
				CLANG_WARN_SUSPICIOUS_MOVE = YES;
				CLANG_WARN_UNGUARDED_AVAILABILITY = YES_AGGRESSIVE;
				CLANG_WARN_UNREACHABLE_CODE = YES;
				CLANG_WARN__DUPLICATE_METHOD_MATCH = YES;
				COPY_PHASE_STRIP = NO;
				DEBUG_INFORMATION_FORMAT = "dwarf-with-dsym";
				ENABLE_NS_ASSERTIONS = NO;
				ENABLE_STRICT_OBJC_MSGSEND = YES;
				GCC_C_LANGUAGE_STANDARD = gnu11;
				GCC_NO_COMMON_BLOCKS = YES;
				GCC_WARN_64_TO_32_BIT_CONVERSION = YES;
				GCC_WARN_ABOUT_RETURN_TYPE = YES_ERROR;
				GCC_WARN_UNDECLARED_SELECTOR = YES;
				GCC_WARN_UNINITIALIZED_AUTOS = YES_AGGRESSIVE;
				GCC_WARN_UNUSED_FUNCTION = YES;
				GCC_WARN_UNUSED_VARIABLE = YES;
				IPHONEOS_DEPLOYMENT_TARGET = 13.2;
				MTL_ENABLE_DEBUG_INFO = NO;
				MTL_FAST_MATH = YES;
				SDKROOT = iphoneos;
				SWIFT_COMPILATION_MODE = wholemodule;
				SWIFT_OPTIMIZATION_LEVEL = "-O";
				VALIDATE_PRODUCT = YES;
			};
			name = Release;
		};
		006A4FDE254D9C56005A852A /* Debug */ = {
			isa = XCBuildConfiguration;
			buildSettings = {
				ASSETCATALOG_COMPILER_APPICON_NAME = AppIcon;
				CODE_SIGN_STYLE = Automatic;
				INFOPLIST_FILE = knitt_increase_decrease/Info.plist;
				LD_RUNPATH_SEARCH_PATHS = (
					"$(inherited)",
					"@executable_path/Frameworks",
				);
				PRODUCT_BUNDLE_IDENTIFIER = "com.helenpersson.knitt-increase-decrease";
				PRODUCT_NAME = "$(TARGET_NAME)";
				SWIFT_VERSION = 5.0;
				TARGETED_DEVICE_FAMILY = "1,2";
			};
			name = Debug;
		};
		006A4FDF254D9C56005A852A /* Release */ = {
			isa = XCBuildConfiguration;
			buildSettings = {
				ASSETCATALOG_COMPILER_APPICON_NAME = AppIcon;
				CODE_SIGN_STYLE = Automatic;
				INFOPLIST_FILE = knitt_increase_decrease/Info.plist;
				LD_RUNPATH_SEARCH_PATHS = (
					"$(inherited)",
					"@executable_path/Frameworks",
				);
				PRODUCT_BUNDLE_IDENTIFIER = "com.helenpersson.knitt-increase-decrease";
				PRODUCT_NAME = "$(TARGET_NAME)";
				SWIFT_VERSION = 5.0;
				TARGETED_DEVICE_FAMILY = "1,2";
			};
			name = Release;
		};
/* End XCBuildConfiguration section */

/* Begin XCConfigurationList section */
		006A4FC4254D9C55005A852A /* Build configuration list for PBXProject "knitt_increase_decrease" */ = {
			isa = XCConfigurationList;
			buildConfigurations = (
				006A4FDB254D9C56005A852A /* Debug */,
				006A4FDC254D9C56005A852A /* Release */,
			);
			defaultConfigurationIsVisible = 0;
			defaultConfigurationName = Release;
		};
		006A4FDD254D9C56005A852A /* Build configuration list for PBXNativeTarget "knitt_increase_decrease" */ = {
			isa = XCConfigurationList;
			buildConfigurations = (
				006A4FDE254D9C56005A852A /* Debug */,
				006A4FDF254D9C56005A852A /* Release */,
			);
			defaultConfigurationIsVisible = 0;
			defaultConfigurationName = Release;
		};
/* End XCConfigurationList section */
	};
	rootObject = 006A4FC1254D9C55005A852A /* Project object */;
}
